
Microsoft Visual Studio Solution File, Format Version 12.00
# Visual Studio Version 17
VisualStudioVersion = 17.9.34622.214
MinimumVisualStudioVersion = 10.0.40219.1
Project("{FAE04EC0-301F-11D3-BF4B-00C04F79EFBC}") = "Desafio1", "Desafio1\Desafio1.csproj", "{480E5C50-7036-4F58-AD96-088925EB8DCB}"
EndProject
Global
	GlobalSection(SolutionConfigurationPlatforms) = preSolution
		Debug|Any CPU = Debug|Any CPU
		Release|Any CPU = Release|Any CPU
	EndGlobalSection
	GlobalSection(ProjectConfigurationPlatforms) = postSolution
		{480E5C50-7036-4F58-AD96-088925EB8DCB}.Debug|Any CPU.ActiveCfg = Debug|Any CPU
		{480E5C50-7036-4F58-AD96-088925EB8DCB}.Debug|Any CPU.Build.0 = Debug|Any CPU
		{480E5C50-7036-4F58-AD96-088925EB8DCB}.Release|Any CPU.ActiveCfg = Release|Any CPU
		{480E5C50-7036-4F58-AD96-088925EB8DCB}.Release|Any CPU.Build.0 = Release|Any CPU
	EndGlobalSection
	GlobalSection(SolutionProperties) = preSolution
		HideSolutionNode = FALSE
	EndGlobalSection
	GlobalSection(ExtensibilityGlobals) = postSolution
		SolutionGuid = {FFA8A1D0-0B7B-49C0-B70D-DBD8B73980FA}
	EndGlobalSection
EndGlobal
