
Microsoft Visual Studio Solution File, Format Version 12.00
# Visual Studio Version 17
VisualStudioVersion = 17.9.34622.214
MinimumVisualStudioVersion = 10.0.40219.1
Project("{FAE04EC0-301F-11D3-BF4B-00C04F79EFBC}") = "Desafio2", "Desafio2\Desafio2.csproj", "{1790F2A1-B583-4CBF-870F-BFBD7C776323}"
EndProject
Global
	GlobalSection(SolutionConfigurationPlatforms) = preSolution
		Debug|Any CPU = Debug|Any CPU
		Release|Any CPU = Release|Any CPU
	EndGlobalSection
	GlobalSection(ProjectConfigurationPlatforms) = postSolution
		{1790F2A1-B583-4CBF-870F-BFBD7C776323}.Debug|Any CPU.ActiveCfg = Debug|Any CPU
		{1790F2A1-B583-4CBF-870F-BFBD7C776323}.Debug|Any CPU.Build.0 = Debug|Any CPU
		{1790F2A1-B583-4CBF-870F-BFBD7C776323}.Release|Any CPU.ActiveCfg = Release|Any CPU
		{1790F2A1-B583-4CBF-870F-BFBD7C776323}.Release|Any CPU.Build.0 = Release|Any CPU
	EndGlobalSection
	GlobalSection(SolutionProperties) = preSolution
		HideSolutionNode = FALSE
	EndGlobalSection
	GlobalSection(ExtensibilityGlobals) = postSolution
		SolutionGuid = {3E46231E-65AF-4B3E-963A-FFB7117397DF}
	EndGlobalSection
EndGlobal
